
Microsoft Visual Studio Solution File, Format Version 12.00
# Visual Studio Version 17
VisualStudioVersion = 17.14.36616.10
MinimumVisualStudioVersion = 10.0.40219.1
Project("{FAE04EC0-301F-11D3-BF4B-00C04F79EFBC}") = "OdisBackupCompare", "OdisBackupCompare\OdisBackupCompare.csproj", "{E77A9DB4-BFFB-4B39-AFB1-37FA76C686F0}"
EndProject
Project("{FAE04EC0-301F-11D3-BF4B-00C04F79EFBC}") = "Fededim.OdisBackupCompare.Data", "Fededim.OdisBackupCompare.Data\Fededim.OdisBackupCompare.Data.csproj", "{99B4AEDB-FF4A-4E52-9B5C-CA60486AD050}"
EndProject
Global
	GlobalSection(SolutionConfigurationPlatforms) = preSolution
		Debug|Any CPU = Debug|Any CPU
		Release|Any CPU = Release|Any CPU
	EndGlobalSection
	GlobalSection(ProjectConfigurationPlatforms) = postSolution
		{E77A9DB4-BFFB-4B39-AFB1-37FA76C686F0}.Debug|Any CPU.ActiveCfg = Debug|Any CPU
		{E77A9DB4-BFFB-4B39-AFB1-37FA76C686F0}.Debug|Any CPU.Build.0 = Debug|Any CPU
		{E77A9DB4-BFFB-4B39-AFB1-37FA76C686F0}.Release|Any CPU.ActiveCfg = Release|Any CPU
		{E77A9DB4-BFFB-4B39-AFB1-37FA76C686F0}.Release|Any CPU.Build.0 = Release|Any CPU
		{99B4AEDB-FF4A-4E52-9B5C-CA60486AD050}.Debug|Any CPU.ActiveCfg = Debug|Any CPU
		{99B4AEDB-FF4A-4E52-9B5C-CA60486AD050}.Debug|Any CPU.Build.0 = Debug|Any CPU
		{99B4AEDB-FF4A-4E52-9B5C-CA60486AD050}.Release|Any CPU.ActiveCfg = Release|Any CPU
		{99B4AEDB-FF4A-4E52-9B5C-CA60486AD050}.Release|Any CPU.Build.0 = Release|Any CPU
	EndGlobalSection
	GlobalSection(SolutionProperties) = preSolution
		HideSolutionNode = FALSE
	EndGlobalSection
	GlobalSection(ExtensibilityGlobals) = postSolution
		SolutionGuid = {C7A97919-F7D2-43EA-9CEE-0941AC0E5F85}
	EndGlobalSection
EndGlobal
